
Microsoft Visual Studio Solution File, Format Version 12.00
# Visual Studio Version 17
VisualStudioVersion = 17.0.31919.166
MinimumVisualStudioVersion = 10.0.40219.1
Project("{8BC9CEB8-8B4A-11D0-8D11-00A0C91BC942}") = "For", "For.vcxproj", "{E7801A07-71CA-4449-9638-5C08BBBE2DFC}"
EndProject
Global
	GlobalSection(SolutionConfigurationPlatforms) = preSolution
		Debug|x64 = Debug|x64
		Debug|x86 = Debug|x86
		Release|x64 = Release|x64
		Release|x86 = Release|x86
	EndGlobalSection
	GlobalSection(ProjectConfigurationPlatforms) = postSolution
		{E7801A07-71CA-4449-9638-5C08BBBE2DFC}.Debug|x64.ActiveCfg = Debug|x64
		{E7801A07-71CA-4449-9638-5C08BBBE2DFC}.Debug|x64.Build.0 = Debug|x64
		{E7801A07-71CA-4449-9638-5C08BBBE2DFC}.Debug|x86.ActiveCfg = Debug|Win32
		{E7801A07-71CA-4449-9638-5C08BBBE2DFC}.Debug|x86.Build.0 = Debug|Win32
		{E7801A07-71CA-4449-9638-5C08BBBE2DFC}.Release|x64.ActiveCfg = Release|x64
		{E7801A07-71CA-4449-9638-5C08BBBE2DFC}.Release|x64.Build.0 = Release|x64
		{E7801A07-71CA-4449-9638-5C08BBBE2DFC}.Release|x86.ActiveCfg = Release|Win32
		{E7801A07-71CA-4449-9638-5C08BBBE2DFC}.Release|x86.Build.0 = Release|Win32
	EndGlobalSection
	GlobalSection(SolutionProperties) = preSolution
		HideSolutionNode = FALSE
	EndGlobalSection
	GlobalSection(ExtensibilityGlobals) = postSolution
		SolutionGuid = {9889BFD7-B35C-4625-9372-D6F48FB11D50}
	EndGlobalSection
EndGlobal
